
Microsoft Visual Studio Solution File, Format Version 12.00
# Visual Studio 15
Project("{FAE04EC0-301F-11D3-BF4B-00C04F79EFBC}") = "Mirror", "Mirror.csproj", "{793AA3E5-DE01-C353-E9F0-17B0E468B649}"
EndProject
Project("{FAE04EC0-301F-11D3-BF4B-00C04F79EFBC}") = "SimpleWebTransport", "SimpleWebTransport.csproj", "{8D2C5C87-F9BA-C0EB-B6FF-A4720864D339}"
EndProject
Project("{FAE04EC0-301F-11D3-BF4B-00C04F79EFBC}") = "Mirror.Components", "Mirror.Components.csproj", "{24020B92-E809-8149-3C22-4E270B806568}"
EndProject
Project("{FAE04EC0-301F-11D3-BF4B-00C04F79EFBC}") = "Telepathy", "Telepathy.csproj", "{6192D87E-91E8-753A-966D-214C03C0B56F}"
EndProject
Project("{FAE04EC0-301F-11D3-BF4B-00C04F79EFBC}") = "Mirror.Authenticators", "Mirror.Authenticators.csproj", "{84CEA7BC-8755-5AF1-CDA7-BEE5FA4E0466}"
EndProject
Project("{FAE04EC0-301F-11D3-BF4B-00C04F79EFBC}") = "kcp2k", "kcp2k.csproj", "{A513E565-C60C-3954-AC09-F760D2B1A4FF}"
EndProject
Project("{FAE04EC0-301F-11D3-BF4B-00C04F79EFBC}") = "Mirror.Cloud", "Mirror.Cloud.csproj", "{FD121039-9A69-946E-2958-7EB4DFF3CD8F}"
EndProject
Project("{FAE04EC0-301F-11D3-BF4B-00C04F79EFBC}") = "Mirror.Tests.Performance.Runtime", "Mirror.Tests.Performance.Runtime.csproj", "{D695EA4B-F129-A0B3-F025-6DE3F1BF4CA3}"
EndProject
Project("{FAE04EC0-301F-11D3-BF4B-00C04F79EFBC}") = "Assembly-CSharp", "Assembly-CSharp.csproj", "{08F123D2-E0DC-28F5-0D95-EEC2BCB4DE8D}"
EndProject
Project("{FAE04EC0-301F-11D3-BF4B-00C04F79EFBC}") = "Mirror.Weaver", "Mirror.Weaver.csproj", "{6BAEC7FE-632A-9D06-7CF0-CFCEB8180242}"
EndProject
Project("{FAE04EC0-301F-11D3-BF4B-00C04F79EFBC}") = "Mirror.Tests.Performance.Editor", "Mirror.Tests.Performance.Editor.csproj", "{89685DA1-D6EF-DCD4-3768-53C7C3B2CD01}"
EndProject
Project("{FAE04EC0-301F-11D3-BF4B-00C04F79EFBC}") = "Mirror.Editor", "Mirror.Editor.csproj", "{ED3E7096-5BEB-B809-DAD1-44FA01ED786C}"
EndProject
Project("{FAE04EC0-301F-11D3-BF4B-00C04F79EFBC}") = "Mirror.CompilerSymbols", "Mirror.CompilerSymbols.csproj", "{EB1B5CC6-86C2-36D1-FB45-765847D380DE}"
EndProject
Global
	GlobalSection(SolutionConfigurationPlatforms) = preSolution
		Debug|Any CPU = Debug|Any CPU
		Release|Any CPU = Release|Any CPU
	EndGlobalSection
	GlobalSection(ProjectConfigurationPlatforms) = postSolution
		{793AA3E5-DE01-C353-E9F0-17B0E468B649}.Debug|Any CPU.ActiveCfg = Debug|Any CPU
		{793AA3E5-DE01-C353-E9F0-17B0E468B649}.Debug|Any CPU.Build.0 = Debug|Any CPU
		{793AA3E5-DE01-C353-E9F0-17B0E468B649}.Release|Any CPU.ActiveCfg = Release|Any CPU
		{793AA3E5-DE01-C353-E9F0-17B0E468B649}.Release|Any CPU.Build.0 = Release|Any CPU
		{8D2C5C87-F9BA-C0EB-B6FF-A4720864D339}.Debug|Any CPU.ActiveCfg = Debug|Any CPU
		{8D2C5C87-F9BA-C0EB-B6FF-A4720864D339}.Debug|Any CPU.Build.0 = Debug|Any CPU
		{8D2C5C87-F9BA-C0EB-B6FF-A4720864D339}.Release|Any CPU.ActiveCfg = Release|Any CPU
		{8D2C5C87-F9BA-C0EB-B6FF-A4720864D339}.Release|Any CPU.Build.0 = Release|Any CPU
		{24020B92-E809-8149-3C22-4E270B806568}.Debug|Any CPU.ActiveCfg = Debug|Any CPU
		{24020B92-E809-8149-3C22-4E270B806568}.Debug|Any CPU.Build.0 = Debug|Any CPU
		{24020B92-E809-8149-3C22-4E270B806568}.Release|Any CPU.ActiveCfg = Release|Any CPU
		{24020B92-E809-8149-3C22-4E270B806568}.Release|Any CPU.Build.0 = Release|Any CPU
		{6192D87E-91E8-753A-966D-214C03C0B56F}.Debug|Any CPU.ActiveCfg = Debug|Any CPU
		{6192D87E-91E8-753A-966D-214C03C0B56F}.Debug|Any CPU.Build.0 = Debug|Any CPU
		{6192D87E-91E8-753A-966D-214C03C0B56F}.Release|Any CPU.ActiveCfg = Release|Any CPU
		{6192D87E-91E8-753A-966D-214C03C0B56F}.Release|Any CPU.Build.0 = Release|Any CPU
		{84CEA7BC-8755-5AF1-CDA7-BEE5FA4E0466}.Debug|Any CPU.ActiveCfg = Debug|Any CPU
		{84CEA7BC-8755-5AF1-CDA7-BEE5FA4E0466}.Debug|Any CPU.Build.0 = Debug|Any CPU
		{84CEA7BC-8755-5AF1-CDA7-BEE5FA4E0466}.Release|Any CPU.ActiveCfg = Release|Any CPU
		{84CEA7BC-8755-5AF1-CDA7-BEE5FA4E0466}.Release|Any CPU.Build.0 = Release|Any CPU
		{A513E565-C60C-3954-AC09-F760D2B1A4FF}.Debug|Any CPU.ActiveCfg = Debug|Any CPU
		{A513E565-C60C-3954-AC09-F760D2B1A4FF}.Debug|Any CPU.Build.0 = Debug|Any CPU
		{A513E565-C60C-3954-AC09-F760D2B1A4FF}.Release|Any CPU.ActiveCfg = Release|Any CPU
		{A513E565-C60C-3954-AC09-F760D2B1A4FF}.Release|Any CPU.Build.0 = Release|Any CPU
		{FD121039-9A69-946E-2958-7EB4DFF3CD8F}.Debug|Any CPU.ActiveCfg = Debug|Any CPU
		{FD121039-9A69-946E-2958-7EB4DFF3CD8F}.Debug|Any CPU.Build.0 = Debug|Any CPU
		{FD121039-9A69-946E-2958-7EB4DFF3CD8F}.Release|Any CPU.ActiveCfg = Release|Any CPU
		{FD121039-9A69-946E-2958-7EB4DFF3CD8F}.Release|Any CPU.Build.0 = Release|Any CPU
		{D695EA4B-F129-A0B3-F025-6DE3F1BF4CA3}.Debug|Any CPU.ActiveCfg = Debug|Any CPU
		{D695EA4B-F129-A0B3-F025-6DE3F1BF4CA3}.Debug|Any CPU.Build.0 = Debug|Any CPU
		{D695EA4B-F129-A0B3-F025-6DE3F1BF4CA3}.Release|Any CPU.ActiveCfg = Release|Any CPU
		{D695EA4B-F129-A0B3-F025-6DE3F1BF4CA3}.Release|Any CPU.Build.0 = Release|Any CPU
		{08F123D2-E0DC-28F5-0D95-EEC2BCB4DE8D}.Debug|Any CPU.ActiveCfg = Debug|Any CPU
		{08F123D2-E0DC-28F5-0D95-EEC2BCB4DE8D}.Debug|Any CPU.Build.0 = Debug|Any CPU
		{08F123D2-E0DC-28F5-0D95-EEC2BCB4DE8D}.Release|Any CPU.ActiveCfg = Release|Any CPU
		{08F123D2-E0DC-28F5-0D95-EEC2BCB4DE8D}.Release|Any CPU.Build.0 = Release|Any CPU
		{6BAEC7FE-632A-9D06-7CF0-CFCEB8180242}.Debug|Any CPU.ActiveCfg = Debug|Any CPU
		{6BAEC7FE-632A-9D06-7CF0-CFCEB8180242}.Debug|Any CPU.Build.0 = Debug|Any CPU
		{6BAEC7FE-632A-9D06-7CF0-CFCEB8180242}.Release|Any CPU.ActiveCfg = Release|Any CPU
		{6BAEC7FE-632A-9D06-7CF0-CFCEB8180242}.Release|Any CPU.Build.0 = Release|Any CPU
		{89685DA1-D6EF-DCD4-3768-53C7C3B2CD01}.Debug|Any CPU.ActiveCfg = Debug|Any CPU
		{89685DA1-D6EF-DCD4-3768-53C7C3B2CD01}.Debug|Any CPU.Build.0 = Debug|Any CPU
		{89685DA1-D6EF-DCD4-3768-53C7C3B2CD01}.Release|Any CPU.ActiveCfg = Release|Any CPU
		{89685DA1-D6EF-DCD4-3768-53C7C3B2CD01}.Release|Any CPU.Build.0 = Release|Any CPU
		{ED3E7096-5BEB-B809-DAD1-44FA01ED786C}.Debug|Any CPU.ActiveCfg = Debug|Any CPU
		{ED3E7096-5BEB-B809-DAD1-44FA01ED786C}.Debug|Any CPU.Build.0 = Debug|Any CPU
		{ED3E7096-5BEB-B809-DAD1-44FA01ED786C}.Release|Any CPU.ActiveCfg = Release|Any CPU
		{ED3E7096-5BEB-B809-DAD1-44FA01ED786C}.Release|Any CPU.Build.0 = Release|Any CPU
		{EB1B5CC6-86C2-36D1-FB45-765847D380DE}.Debug|Any CPU.ActiveCfg = Debug|Any CPU
		{EB1B5CC6-86C2-36D1-FB45-765847D380DE}.Debug|Any CPU.Build.0 = Debug|Any CPU
		{EB1B5CC6-86C2-36D1-FB45-765847D380DE}.Release|Any CPU.ActiveCfg = Release|Any CPU
		{EB1B5CC6-86C2-36D1-FB45-765847D380DE}.Release|Any CPU.Build.0 = Release|Any CPU
	EndGlobalSection
	GlobalSection(SolutionProperties) = preSolution
		HideSolutionNode = FALSE
	EndGlobalSection
EndGlobal
